// !$*UTF8*$!
{
	archiveVersion = 1;
	classes = {
	};
	objectVersion = 56;
	objects = {

/* Begin PBXBuildFile section */
		DA368D2B2B1AD87000A3B3A1 /* ConfettiCannonSceneKit.swift in Sources */ = {isa = PBXBuildFile; fileRef = DA368D2A2B1AD87000A3B3A1 /* ConfettiCannonSceneKit.swift */; };
		DA4E7AD02B1D185100E934EC /* ConfettiAppMenu.swift in Sources */ = {isa = PBXBuildFile; fileRef = DA4E7ACF2B1D185100E934EC /* ConfettiAppMenu.swift */; };
		DA670A072B1A44BA00D19DC3 /* ConfettiApp.swift in Sources */ = {isa = PBXBuildFile; fileRef = DA670A062B1A44BA00D19DC3 /* ConfettiApp.swift */; };
		DA670A092B1A44BA00D19DC3 /* SideConfettiCannons.swift in Sources */ = {isa = PBXBuildFile; fileRef = DA670A082B1A44BA00D19DC3 /* SideConfettiCannons.swift */; };
		DA670A0B2B1A44BC00D19DC3 /* Assets.xcassets in Resources */ = {isa = PBXBuildFile; fileRef = DA670A0A2B1A44BC00D19DC3 /* Assets.xcassets */; };
		DA670A0E2B1A44BC00D19DC3 /* Preview Assets.xcassets in Resources */ = {isa = PBXBuildFile; fileRef = DA670A0D2B1A44BC00D19DC3 /* Preview Assets.xcassets */; };
		DA670A192B1A4BFA00D19DC3 /* ConfettiSwiftUI in Frameworks */ = {isa = PBXBuildFile; productRef = DA670A182B1A4BFA00D19DC3 /* ConfettiSwiftUI */; };
		DA670A1D2B1A567900D19DC3 /* ConfettiCannon.swift in Sources */ = {isa = PBXBuildFile; fileRef = DA670A1C2B1A567900D19DC3 /* ConfettiCannon.swift */; };
		DA670A222B1A633700D19DC3 /* HotKey in Frameworks */ = {isa = PBXBuildFile; productRef = DA670A212B1A633700D19DC3 /* HotKey */; };
		DA670A252B1A645800D19DC3 /* KeyboardShortcuts in Frameworks */ = {isa = PBXBuildFile; productRef = DA670A242B1A645800D19DC3 /* KeyboardShortcuts */; };
		DA670A272B1A646500D19DC3 /* KeyboardShortcuts.swift in Sources */ = {isa = PBXBuildFile; fileRef = DA670A262B1A646500D19DC3 /* KeyboardShortcuts.swift */; };
		DA670A292B1A64B000D19DC3 /* SettingsScreen.swift in Sources */ = {isa = PBXBuildFile; fileRef = DA670A282B1A64B000D19DC3 /* SettingsScreen.swift */; };
		DA69DE5E2B1ADC0D00978D62 /* Confetti.scn in Resources */ = {isa = PBXBuildFile; fileRef = DA69DE5D2B1ADC0D00978D62 /* Confetti.scn */; };
		DAE522072B1D22F200F4DDF0 /* MouseConfettiCannon.swift in Sources */ = {isa = PBXBuildFile; fileRef = DAE522062B1D22F200F4DDF0 /* MouseConfettiCannon.swift */; };
/* End PBXBuildFile section */

/* Begin PBXFileReference section */
		DA368D2A2B1AD87000A3B3A1 /* ConfettiCannonSceneKit.swift */ = {isa = PBXFileReference; lastKnownFileType = sourcecode.swift; path = ConfettiCannonSceneKit.swift; sourceTree = "<group>"; };
		DA4E7ACF2B1D185100E934EC /* ConfettiAppMenu.swift */ = {isa = PBXFileReference; lastKnownFileType = sourcecode.swift; path = ConfettiAppMenu.swift; sourceTree = "<group>"; };
		DA670A032B1A44BA00D19DC3 /* Confetti.app */ = {isa = PBXFileReference; explicitFileType = wrapper.application; includeInIndex = 0; path = Confetti.app; sourceTree = BUILT_PRODUCTS_DIR; };
		DA670A062B1A44BA00D19DC3 /* ConfettiApp.swift */ = {isa = PBXFileReference; lastKnownFileType = sourcecode.swift; path = ConfettiApp.swift; sourceTree = "<group>"; };
		DA670A082B1A44BA00D19DC3 /* SideConfettiCannons.swift */ = {isa = PBXFileReference; lastKnownFileType = sourcecode.swift; path = SideConfettiCannons.swift; sourceTree = "<group>"; };
		DA670A0A2B1A44BC00D19DC3 /* Assets.xcassets */ = {isa = PBXFileReference; lastKnownFileType = folder.assetcatalog; path = Assets.xcassets; sourceTree = "<group>"; };
		DA670A0D2B1A44BC00D19DC3 /* Preview Assets.xcassets */ = {isa = PBXFileReference; lastKnownFileType = folder.assetcatalog; path = "Preview Assets.xcassets"; sourceTree = "<group>"; };
		DA670A0F2B1A44BC00D19DC3 /* Confetti.entitlements */ = {isa = PBXFileReference; lastKnownFileType = text.plist.entitlements; path = Confetti.entitlements; sourceTree = "<group>"; };
		DA670A1C2B1A567900D19DC3 /* ConfettiCannon.swift */ = {isa = PBXFileReference; lastKnownFileType = sourcecode.swift; path = ConfettiCannon.swift; sourceTree = "<group>"; };
		DA670A262B1A646500D19DC3 /* KeyboardShortcuts.swift */ = {isa = PBXFileReference; lastKnownFileType = sourcecode.swift; path = KeyboardShortcuts.swift; sourceTree = "<group>"; };
		DA670A282B1A64B000D19DC3 /* SettingsScreen.swift */ = {isa = PBXFileReference; lastKnownFileType = sourcecode.swift; path = SettingsScreen.swift; sourceTree = "<group>"; };
		DA69DE5D2B1ADC0D00978D62 /* Confetti.scn */ = {isa = PBXFileReference; lastKnownFileType = file.bplist; path = Confetti.scn; sourceTree = "<group>"; };
		DAE522062B1D22F200F4DDF0 /* MouseConfettiCannon.swift */ = {isa = PBXFileReference; lastKnownFileType = sourcecode.swift; path = MouseConfettiCannon.swift; sourceTree = "<group>"; };
/* End PBXFileReference section */

/* Begin PBXFrameworksBuildPhase section */
		DA670A002B1A44BA00D19DC3 /* Frameworks */ = {
			isa = PBXFrameworksBuildPhase;
			buildActionMask = 2147483647;
			files = (
				DA670A222B1A633700D19DC3 /* HotKey in Frameworks */,
				DA670A192B1A4BFA00D19DC3 /* ConfettiSwiftUI in Frameworks */,
				DA670A252B1A645800D19DC3 /* KeyboardShortcuts in Frameworks */,
			);
			runOnlyForDeploymentPostprocessing = 0;
		};
/* End PBXFrameworksBuildPhase section */

/* Begin PBXGroup section */
		DA6709FA2B1A44BA00D19DC3 = {
			isa = PBXGroup;
			children = (
				DA670A052B1A44BA00D19DC3 /* Confetti */,
				DA670A042B1A44BA00D19DC3 /* Products */,
			);
			sourceTree = "<group>";
		};
		DA670A042B1A44BA00D19DC3 /* Products */ = {
			isa = PBXGroup;
			children = (
				DA670A032B1A44BA00D19DC3 /* Confetti.app */,
			);
			name = Products;
			sourceTree = "<group>";
		};
		DA670A052B1A44BA00D19DC3 /* Confetti */ = {
			isa = PBXGroup;
			children = (
				DA670A062B1A44BA00D19DC3 /* ConfettiApp.swift */,
				DA4E7ACF2B1D185100E934EC /* ConfettiAppMenu.swift */,
				DA670A262B1A646500D19DC3 /* KeyboardShortcuts.swift */,
				DA670A282B1A64B000D19DC3 /* SettingsScreen.swift */,
				DA670A082B1A44BA00D19DC3 /* SideConfettiCannons.swift */,
				DAE522062B1D22F200F4DDF0 /* MouseConfettiCannon.swift */,
				DA670A1C2B1A567900D19DC3 /* ConfettiCannon.swift */,
				DA368D2A2B1AD87000A3B3A1 /* ConfettiCannonSceneKit.swift */,
				DA69DE5D2B1ADC0D00978D62 /* Confetti.scn */,
				DA670A0A2B1A44BC00D19DC3 /* Assets.xcassets */,
				DA670A0F2B1A44BC00D19DC3 /* Confetti.entitlements */,
				DA670A0C2B1A44BC00D19DC3 /* Preview Content */,
			);
			path = Confetti;
			sourceTree = "<group>";
		};
		DA670A0C2B1A44BC00D19DC3 /* Preview Content */ = {
			isa = PBXGroup;
			children = (
				DA670A0D2B1A44BC00D19DC3 /* Preview Assets.xcassets */,
			);
			path = "Preview Content";
			sourceTree = "<group>";
		};
/* End PBXGroup section */

/* Begin PBXNativeTarget section */
		DA670A022B1A44BA00D19DC3 /* Confetti */ = {
			isa = PBXNativeTarget;
			buildConfigurationList = DA670A122B1A44BC00D19DC3 /* Build configuration list for PBXNativeTarget "Confetti" */;
			buildPhases = (
				DA6709FF2B1A44BA00D19DC3 /* Sources */,
				DA670A002B1A44BA00D19DC3 /* Frameworks */,
				DA670A012B1A44BA00D19DC3 /* Resources */,
			);
			buildRules = (
			);
			dependencies = (
			);
			name = Confetti;
			packageProductDependencies = (
				DA670A182B1A4BFA00D19DC3 /* ConfettiSwiftUI */,
				DA670A212B1A633700D19DC3 /* HotKey */,
				DA670A242B1A645800D19DC3 /* KeyboardShortcuts */,
			);
			productName = Confetti;
			productReference = DA670A032B1A44BA00D19DC3 /* Confetti.app */;
			productType = "com.apple.product-type.application";
		};
/* End PBXNativeTarget section */

/* Begin PBXProject section */
		DA6709FB2B1A44BA00D19DC3 /* Project object */ = {
			isa = PBXProject;
			attributes = {
				BuildIndependentTargetsInParallel = 1;
				LastSwiftUpdateCheck = 1500;
				LastUpgradeCheck = 1500;
				TargetAttributes = {
					DA670A022B1A44BA00D19DC3 = {
						CreatedOnToolsVersion = 15.0.1;
					};
				};
			};
			buildConfigurationList = DA6709FE2B1A44BA00D19DC3 /* Build configuration list for PBXProject "Confetti" */;
			compatibilityVersion = "Xcode 14.0";
			developmentRegion = en;
			hasScannedForEncodings = 0;
			knownRegions = (
				en,
				Base,
			);
			mainGroup = DA6709FA2B1A44BA00D19DC3;
			packageReferences = (
				DA670A172B1A4BFA00D19DC3 /* XCRemoteSwiftPackageReference "ConfettiSwiftUI" */,
				DA670A202B1A633700D19DC3 /* XCRemoteSwiftPackageReference "HotKey" */,
				DA670A232B1A645800D19DC3 /* XCRemoteSwiftPackageReference "KeyboardShortcuts" */,
			);
			productRefGroup = DA670A042B1A44BA00D19DC3 /* Products */;
			projectDirPath = "";
			projectRoot = "";
			targets = (
				DA670A022B1A44BA00D19DC3 /* Confetti */,
			);
		};
/* End PBXProject section */

/* Begin PBXResourcesBuildPhase section */
		DA670A012B1A44BA00D19DC3 /* Resources */ = {
			isa = PBXResourcesBuildPhase;
			buildActionMask = 2147483647;
			files = (
				DA670A0E2B1A44BC00D19DC3 /* Preview Assets.xcassets in Resources */,
				DA69DE5E2B1ADC0D00978D62 /* Confetti.scn in Resources */,
				DA670A0B2B1A44BC00D19DC3 /* Assets.xcassets in Resources */,
			);
			runOnlyForDeploymentPostprocessing = 0;
		};
/* End PBXResourcesBuildPhase section */

/* Begin PBXSourcesBuildPhase section */
		DA6709FF2B1A44BA00D19DC3 /* Sources */ = {
			isa = PBXSourcesBuildPhase;
			buildActionMask = 2147483647;
			files = (
				DA670A092B1A44BA00D19DC3 /* SideConfettiCannons.swift in Sources */,
				DA670A272B1A646500D19DC3 /* KeyboardShortcuts.swift in Sources */,
				DA368D2B2B1AD87000A3B3A1 /* ConfettiCannonSceneKit.swift in Sources */,
				DA4E7AD02B1D185100E934EC /* ConfettiAppMenu.swift in Sources */,
				DA670A1D2B1A567900D19DC3 /* ConfettiCannon.swift in Sources */,
				DA670A292B1A64B000D19DC3 /* SettingsScreen.swift in Sources */,
				DAE522072B1D22F200F4DDF0 /* MouseConfettiCannon.swift in Sources */,
				DA670A072B1A44BA00D19DC3 /* ConfettiApp.swift in Sources */,
			);
			runOnlyForDeploymentPostprocessing = 0;
		};
/* End PBXSourcesBuildPhase section */

/* Begin XCBuildConfiguration section */
		DA670A102B1A44BC00D19DC3 /* Debug */ = {
			isa = XCBuildConfiguration;
			buildSettings = {
				ALWAYS_SEARCH_USER_PATHS = NO;
				ASSETCATALOG_COMPILER_GENERATE_SWIFT_ASSET_SYMBOL_EXTENSIONS = YES;
				CLANG_ANALYZER_NONNULL = YES;
				CLANG_ANALYZER_NUMBER_OBJECT_CONVERSION = YES_AGGRESSIVE;
				CLANG_CXX_LANGUAGE_STANDARD = "gnu++20";
				CLANG_ENABLE_MODULES = YES;
				CLANG_ENABLE_OBJC_ARC = YES;
				CLANG_ENABLE_OBJC_WEAK = YES;
				CLANG_WARN_BLOCK_CAPTURE_AUTORELEASING = YES;
				CLANG_WARN_BOOL_CONVERSION = YES;
				CLANG_WARN_COMMA = YES;
				CLANG_WARN_CONSTANT_CONVERSION = YES;
				CLANG_WARN_DEPRECATED_OBJC_IMPLEMENTATIONS = YES;
				CLANG_WARN_DIRECT_OBJC_ISA_USAGE = YES_ERROR;
				CLANG_WARN_DOCUMENTATION_COMMENTS = YES;
				CLANG_WARN_EMPTY_BODY = YES;
				CLANG_WARN_ENUM_CONVERSION = YES;
				CLANG_WARN_INFINITE_RECURSION = YES;
				CLANG_WARN_INT_CONVERSION = YES;
				CLANG_WARN_NON_LITERAL_NULL_CONVERSION = YES;
				CLANG_WARN_OBJC_IMPLICIT_RETAIN_SELF = YES;
				CLANG_WARN_OBJC_LITERAL_CONVERSION = YES;
				CLANG_WARN_OBJC_ROOT_CLASS = YES_ERROR;
				CLANG_WARN_QUOTED_INCLUDE_IN_FRAMEWORK_HEADER = YES;
				CLANG_WARN_RANGE_LOOP_ANALYSIS = YES;
				CLANG_WARN_STRICT_PROTOTYPES = YES;
				CLANG_WARN_SUSPICIOUS_MOVE = YES;
				CLANG_WARN_UNGUARDED_AVAILABILITY = YES_AGGRESSIVE;
				CLANG_WARN_UNREACHABLE_CODE = YES;
				CLANG_WARN__DUPLICATE_METHOD_MATCH = YES;
				COPY_PHASE_STRIP = NO;
				DEBUG_INFORMATION_FORMAT = dwarf;
				ENABLE_STRICT_OBJC_MSGSEND = YES;
				ENABLE_TESTABILITY = YES;
				ENABLE_USER_SCRIPT_SANDBOXING = YES;
				GCC_C_LANGUAGE_STANDARD = gnu17;
				GCC_DYNAMIC_NO_PIC = NO;
				GCC_NO_COMMON_BLOCKS = YES;
				GCC_OPTIMIZATION_LEVEL = 0;
				GCC_PREPROCESSOR_DEFINITIONS = (
					"DEBUG=1",
					"$(inherited)",
				);
				GCC_WARN_64_TO_32_BIT_CONVERSION = YES;
				GCC_WARN_ABOUT_RETURN_TYPE = YES_ERROR;
				GCC_WARN_UNDECLARED_SELECTOR = YES;
				GCC_WARN_UNINITIALIZED_AUTOS = YES_AGGRESSIVE;
				GCC_WARN_UNUSED_FUNCTION = YES;
				GCC_WARN_UNUSED_VARIABLE = YES;
				LOCALIZATION_PREFERS_STRING_CATALOGS = YES;
				MACOSX_DEPLOYMENT_TARGET = 14.0;
				MTL_ENABLE_DEBUG_INFO = INCLUDE_SOURCE;
				MTL_FAST_MATH = YES;
				ONLY_ACTIVE_ARCH = YES;
				SDKROOT = macosx;
				SWIFT_ACTIVE_COMPILATION_CONDITIONS = "DEBUG $(inherited)";
				SWIFT_OPTIMIZATION_LEVEL = "-Onone";
			};
			name = Debug;
		};
		DA670A112B1A44BC00D19DC3 /* Release */ = {
			isa = XCBuildConfiguration;
			buildSettings = {
				ALWAYS_SEARCH_USER_PATHS = NO;
				ASSETCATALOG_COMPILER_GENERATE_SWIFT_ASSET_SYMBOL_EXTENSIONS = YES;
				CLANG_ANALYZER_NONNULL = YES;
				CLANG_ANALYZER_NUMBER_OBJECT_CONVERSION = YES_AGGRESSIVE;
				CLANG_CXX_LANGUAGE_STANDARD = "gnu++20";
				CLANG_ENABLE_MODULES = YES;
				CLANG_ENABLE_OBJC_ARC = YES;
				CLANG_ENABLE_OBJC_WEAK = YES;
				CLANG_WARN_BLOCK_CAPTURE_AUTORELEASING = YES;
				CLANG_WARN_BOOL_CONVERSION = YES;
				CLANG_WARN_COMMA = YES;
				CLANG_WARN_CONSTANT_CONVERSION = YES;
				CLANG_WARN_DEPRECATED_OBJC_IMPLEMENTATIONS = YES;
				CLANG_WARN_DIRECT_OBJC_ISA_USAGE = YES_ERROR;
				CLANG_WARN_DOCUMENTATION_COMMENTS = YES;
				CLANG_WARN_EMPTY_BODY = YES;
				CLANG_WARN_ENUM_CONVERSION = YES;
				CLANG_WARN_INFINITE_RECURSION = YES;
				CLANG_WARN_INT_CONVERSION = YES;
				CLANG_WARN_NON_LITERAL_NULL_CONVERSION = YES;
				CLANG_WARN_OBJC_IMPLICIT_RETAIN_SELF = YES;
				CLANG_WARN_OBJC_LITERAL_CONVERSION = YES;
				CLANG_WARN_OBJC_ROOT_CLASS = YES_ERROR;
				CLANG_WARN_QUOTED_INCLUDE_IN_FRAMEWORK_HEADER = YES;
				CLANG_WARN_RANGE_LOOP_ANALYSIS = YES;
				CLANG_WARN_STRICT_PROTOTYPES = YES;
				CLANG_WARN_SUSPICIOUS_MOVE = YES;
				CLANG_WARN_UNGUARDED_AVAILABILITY = YES_AGGRESSIVE;
				CLANG_WARN_UNREACHABLE_CODE = YES;
				CLANG_WARN__DUPLICATE_METHOD_MATCH = YES;
				COPY_PHASE_STRIP = NO;
				DEBUG_INFORMATION_FORMAT = "dwarf-with-dsym";
				ENABLE_NS_ASSERTIONS = NO;
				ENABLE_STRICT_OBJC_MSGSEND = YES;
				ENABLE_USER_SCRIPT_SANDBOXING = YES;
				GCC_C_LANGUAGE_STANDARD = gnu17;
				GCC_NO_COMMON_BLOCKS = YES;
				GCC_WARN_64_TO_32_BIT_CONVERSION = YES;
				GCC_WARN_ABOUT_RETURN_TYPE = YES_ERROR;
				GCC_WARN_UNDECLARED_SELECTOR = YES;
				GCC_WARN_UNINITIALIZED_AUTOS = YES_AGGRESSIVE;
				GCC_WARN_UNUSED_FUNCTION = YES;
				GCC_WARN_UNUSED_VARIABLE = YES;
				LOCALIZATION_PREFERS_STRING_CATALOGS = YES;
				MACOSX_DEPLOYMENT_TARGET = 14.0;
				MTL_ENABLE_DEBUG_INFO = NO;
				MTL_FAST_MATH = YES;
				SDKROOT = macosx;
				SWIFT_COMPILATION_MODE = wholemodule;
			};
			name = Release;
		};
		DA670A132B1A44BC00D19DC3 /* Debug */ = {
			isa = XCBuildConfiguration;
			buildSettings = {
				ASSETCATALOG_COMPILER_APPICON_NAME = AppIcon;
				ASSETCATALOG_COMPILER_GLOBAL_ACCENT_COLOR_NAME = AccentColor;
				CODE_SIGN_ENTITLEMENTS = Confetti/Confetti.entitlements;
				CODE_SIGN_STYLE = Automatic;
				COMBINE_HIDPI_IMAGES = YES;
				CURRENT_PROJECT_VERSION = 1;
				DEVELOPMENT_ASSET_PATHS = "\"Confetti/Preview Content\"";
				DEVELOPMENT_TEAM = 5D4FR5T9QN;
				ENABLE_HARDENED_RUNTIME = YES;
				ENABLE_PREVIEWS = YES;
				GENERATE_INFOPLIST_FILE = YES;
				INFOPLIST_KEY_LSUIElement = NO;
				INFOPLIST_KEY_NSHumanReadableCopyright = "";
				LD_RUNPATH_SEARCH_PATHS = (
					"$(inherited)",
					"@executable_path/../Frameworks",
				);
				MARKETING_VERSION = 1.0;
				PRODUCT_BUNDLE_IDENTIFIER = de.pschwind.Confetti;
				PRODUCT_NAME = "$(TARGET_NAME)";
				SWIFT_EMIT_LOC_STRINGS = YES;
				SWIFT_VERSION = 5.0;
			};
			name = Debug;
		};
		DA670A142B1A44BC00D19DC3 /* Release */ = {
			isa = XCBuildConfiguration;
			buildSettings = {
				ASSETCATALOG_COMPILER_APPICON_NAME = AppIcon;
				ASSETCATALOG_COMPILER_GLOBAL_ACCENT_COLOR_NAME = AccentColor;
				CODE_SIGN_ENTITLEMENTS = Confetti/Confetti.entitlements;
				CODE_SIGN_STYLE = Automatic;
				COMBINE_HIDPI_IMAGES = YES;
				CURRENT_PROJECT_VERSION = 1;
				DEVELOPMENT_ASSET_PATHS = "\"Confetti/Preview Content\"";
				DEVELOPMENT_TEAM = 5D4FR5T9QN;
				ENABLE_HARDENED_RUNTIME = YES;
				ENABLE_PREVIEWS = YES;
				GENERATE_INFOPLIST_FILE = YES;
				INFOPLIST_KEY_LSUIElement = NO;
				INFOPLIST_KEY_NSHumanReadableCopyright = "";
				LD_RUNPATH_SEARCH_PATHS = (
					"$(inherited)",
					"@executable_path/../Frameworks",
				);
				MARKETING_VERSION = 1.0;
				PRODUCT_BUNDLE_IDENTIFIER = de.pschwind.Confetti;
				PRODUCT_NAME = "$(TARGET_NAME)";
				SWIFT_EMIT_LOC_STRINGS = YES;
				SWIFT_VERSION = 5.0;
			};
			name = Release;
		};
/* End XCBuildConfiguration section */

/* Begin XCConfigurationList section */
		DA6709FE2B1A44BA00D19DC3 /* Build configuration list for PBXProject "Confetti" */ = {
			isa = XCConfigurationList;
			buildConfigurations = (
				DA670A102B1A44BC00D19DC3 /* Debug */,
				DA670A112B1A44BC00D19DC3 /* Release */,
			);
			defaultConfigurationIsVisible = 0;
			defaultConfigurationName = Release;
		};
		DA670A122B1A44BC00D19DC3 /* Build configuration list for PBXNativeTarget "Confetti" */ = {
			isa = XCConfigurationList;
			buildConfigurations = (
				DA670A132B1A44BC00D19DC3 /* Debug */,
				DA670A142B1A44BC00D19DC3 /* Release */,
			);
			defaultConfigurationIsVisible = 0;
			defaultConfigurationName = Release;
		};
/* End XCConfigurationList section */

/* Begin XCRemoteSwiftPackageReference section */
		DA670A172B1A4BFA00D19DC3 /* XCRemoteSwiftPackageReference "ConfettiSwiftUI" */ = {
			isa = XCRemoteSwiftPackageReference;
			repositoryURL = "https://github.com/simibac/ConfettiSwiftUI.git";
			requirement = {
				kind = upToNextMajorVersion;
				minimumVersion = 1.1.0;
			};
		};
		DA670A202B1A633700D19DC3 /* XCRemoteSwiftPackageReference "HotKey" */ = {
			isa = XCRemoteSwiftPackageReference;
			repositoryURL = "https://github.com/soffes/HotKey";
			requirement = {
				branch = main;
				kind = branch;
			};
		};
		DA670A232B1A645800D19DC3 /* XCRemoteSwiftPackageReference "KeyboardShortcuts" */ = {
			isa = XCRemoteSwiftPackageReference;
			repositoryURL = "https://github.com/sindresorhus/KeyboardShortcuts";
			requirement = {
				kind = upToNextMajorVersion;
				minimumVersion = 1.16.1;
			};
		};
/* End XCRemoteSwiftPackageReference section */

/* Begin XCSwiftPackageProductDependency section */
		DA670A182B1A4BFA00D19DC3 /* ConfettiSwiftUI */ = {
			isa = XCSwiftPackageProductDependency;
			package = DA670A172B1A4BFA00D19DC3 /* XCRemoteSwiftPackageReference "ConfettiSwiftUI" */;
			productName = ConfettiSwiftUI;
		};
		DA670A212B1A633700D19DC3 /* HotKey */ = {
			isa = XCSwiftPackageProductDependency;
			package = DA670A202B1A633700D19DC3 /* XCRemoteSwiftPackageReference "HotKey" */;
			productName = HotKey;
		};
		DA670A242B1A645800D19DC3 /* KeyboardShortcuts */ = {
			isa = XCSwiftPackageProductDependency;
			package = DA670A232B1A645800D19DC3 /* XCRemoteSwiftPackageReference "KeyboardShortcuts" */;
			productName = KeyboardShortcuts;
		};
/* End XCSwiftPackageProductDependency section */
	};
	rootObject = DA6709FB2B1A44BA00D19DC3 /* Project object */;
}
